<?xml version="1.0" encoding="utf-8"?>
<Project ToolsVersion="4.0" xmlns="http://schemas.microsoft.com/developer/msbuild/2003">
  <ItemGroup>
    <Filter Include="include">
      <UniqueIdentifier>{93995380-89BD-4b04-88EB-625FBE52EBFB}</UniqueIdentifier>
      <Extensions>h;hh;hpp;hxx;hm;inl;inc;ipp;xsd</Extensions>
    </Filter>
    <Filter Include="src">
      <UniqueIdentifier>{4FC737F1-C7A5-4376-A066-2A32D752A2FF}</UniqueIdentifier>
      <Extensions>cpp;c;cc;cxx;def;odl;idl;hpj;bat;asm;asmx</Extensions>
    </Filter>
  </ItemGroup>
  <ItemGroup>
    <ClCompile Include="src\auxiliary.cpp">
      <Filter>src</Filter>
    </ClCompile>
    <ClCompile Include="src\ProcessDisplay.cpp">
      <Filter>src</Filter>
    </ClCompile>
    <ClCompile Include="src\FileInOut.cpp">
      <Filter>src</Filter>
    </ClCompile>
    <ClCompile Include="src\ifstream_c.cpp">
      <Filter>src</Filter>
    </ClCompile>
    <ClCompile Include="src\ThrowMessage.cpp">
      <Filter>src</Filter>
    </ClCompile>
  </ItemGroup>
  <ItemGroup>
    <ClInclude Include="include\win_con.h">
      <Filter>include</Filter>
    </ClInclude>
    <ClInclude Include="include\auxiliary.hpp">
      <Filter>include</Filter>
    </ClInclude>
    <ClInclude Include="include\ProcessDisplay.hpp">
      <Filter>include</Filter>
    </ClInclude>
    <ClInclude Include="include\ifstream_c.hpp">
      <Filter>include</Filter>
    </ClInclude>
    <ClInclude Include="include\FileInOut.hpp">
      <Filter>include</Filter>
    </ClInclude>
    <ClInclude Include="include\stl_containers_read.hpp">
      <Filter>include</Filter>
    </ClInclude>
    <ClInclude Include="include\stl_containers_write.hpp">
      <Filter>include</Filter>
    </ClInclude>
    <ClInclude Include="include\profile.hpp">
      <Filter>include</Filter>
    </ClInclude>
    <ClInclude Include="include\test_runner.hpp">
      <Filter>include</Filter>
    </ClInclude>
    <ClInclude Include="include\ThrowMessage.hpp">
      <Filter>include</Filter>
    </ClInclude>
  </ItemGroup>
</Project>