<?xml version="1.0" encoding="utf-8"?>
<Project ToolsVersion="4.0" xmlns="http://schemas.microsoft.com/developer/msbuild/2003">
  <ItemGroup>
    <Filter Include="src">
      <UniqueIdentifier>{cb91b3b0-f168-4003-9165-6368b2dde6ec}</UniqueIdentifier>
      <Extensions>cpp;c;cc;cxx;def;odl;idl;hpj;bat;asm;asmx</Extensions>
    </Filter>
    <Filter Include="include">
      <UniqueIdentifier>{7cb9cbfd-8255-4e54-b919-03fe15beda04}</UniqueIdentifier>
      <Extensions>h;hh;hpp;hxx;hm;inl;inc;ipp;xsd</Extensions>
    </Filter>
  </ItemGroup>
  <ItemGroup>
    <ClCompile Include="src\Analysis.cpp">
      <Filter>src</Filter>
    </ClCompile>
    <ClCompile Include="src\Load.cpp">
      <Filter>src</Filter>
    </ClCompile>
    <ClCompile Include="src\Material.cpp">
      <Filter>src</Filter>
    </ClCompile>
    <ClCompile Include="src\NonLAnalys.cpp">
      <Filter>src</Filter>
    </ClCompile>
    <ClCompile Include="src\XML_Readers.cpp">
      <Filter>src</Filter>
    </ClCompile>
    <ClCompile Include="src\VectorMatrix.cpp">
      <Filter>src</Filter>
    </ClCompile>
    <ClCompile Include="src\GraphTheory.cpp">
      <Filter>src</Filter>
    </ClCompile>
    <ClCompile Include="src\1StepAnalysis.cpp">
      <Filter>src</Filter>
    </ClCompile>
    <ClCompile Include="src\LinearElasticAnalysis.cpp">
      <Filter>src</Filter>
    </ClCompile>
    <ClCompile Include="src\MultiStepAnalysis.cpp">
      <Filter>src</Filter>
    </ClCompile>
    <ClCompile Include="src\FiniteElement.cpp">
      <Filter>src</Filter>
    </ClCompile>
    <ClCompile Include="src\FiniteElementPool.cpp">
      <Filter>src</Filter>
    </ClCompile>
    <ClCompile Include="src\FiniteElementModel.cpp">
      <Filter>src</Filter>
    </ClCompile>
  </ItemGroup>
  <ItemGroup>
    <ClInclude Include="include\VectorMatrix.hpp">
      <Filter>include</Filter>
    </ClInclude>
    <ClInclude Include="include\XML_Readers.hpp">
      <Filter>include</Filter>
    </ClInclude>
    <ClInclude Include="include\Structure.hpp">
      <Filter>include</Filter>
    </ClInclude>
    <ClInclude Include="include\NonLAnalys.hpp">
      <Filter>include</Filter>
    </ClInclude>
    <ClInclude Include="include\NameList.hpp">
      <Filter>include</Filter>
    </ClInclude>
    <ClInclude Include="include\Material.hpp">
      <Filter>include</Filter>
    </ClInclude>
    <ClInclude Include="include\Load.hpp">
      <Filter>include</Filter>
    </ClInclude>
    <ClInclude Include="include\GraphTheory.hpp">
      <Filter>include</Filter>
    </ClInclude>
    <ClInclude Include="include\Analysis.hpp">
      <Filter>include</Filter>
    </ClInclude>
    <ClInclude Include="include\1StepAnalysis.hpp">
      <Filter>include</Filter>
    </ClInclude>
    <ClInclude Include="include\LinearElasticAnalysis.hpp">
      <Filter>include</Filter>
    </ClInclude>
    <ClInclude Include="include\MultiStepAnalysis.hpp">
      <Filter>include</Filter>
    </ClInclude>
    <ClInclude Include="include\FiniteElement.hpp">
      <Filter>include</Filter>
    </ClInclude>
    <ClInclude Include="include\FiniteElementPool.hpp">
      <Filter>include</Filter>
    </ClInclude>
    <ClInclude Include="include\FiniteElementModel.hpp">
      <Filter>include</Filter>
    </ClInclude>
    <ClInclude Include="include\femDllDefinitions.hpp">
      <Filter>include</Filter>
    </ClInclude>
  </ItemGroup>
  <ItemGroup>
    <None Include="ClassDiagram.cd" />
  </ItemGroup>
</Project>