<?xml version="1.0" encoding="utf-8"?>
<Project ToolsVersion="4.0" xmlns="http://schemas.microsoft.com/developer/msbuild/2003">
  <ItemGroup>
    <Filter Include="Header Files">
      <UniqueIdentifier>{93995380-89BD-4b04-88EB-625FBE52EBFB}</UniqueIdentifier>
      <Extensions>h;hh;hpp;hxx;hm;inl;inc;ipp;xsd</Extensions>
    </Filter>
    <Filter Include="Math">
      <UniqueIdentifier>{c6687c3f-76cb-4902-bb2e-2c04c2dd573e}</UniqueIdentifier>
    </Filter>
    <Filter Include="Math\GaussIntegr">
      <UniqueIdentifier>{15d70e1b-f6aa-4487-92ba-160eca20b9c0}</UniqueIdentifier>
    </Filter>
    <Filter Include="Tests">
      <UniqueIdentifier>{3616b21d-c5a8-47b5-8087-c45b5d824635}</UniqueIdentifier>
    </Filter>
    <Filter Include="Tests\src">
      <UniqueIdentifier>{e044346f-96fc-4f1a-a91e-ae7021b20087}</UniqueIdentifier>
    </Filter>
    <Filter Include="Header Files\Misc">
      <UniqueIdentifier>{d8e657e6-e756-4f7b-b021-4cb30dab28c1}</UniqueIdentifier>
    </Filter>
    <Filter Include="Header Files\Debug Tools">
      <UniqueIdentifier>{faec3044-4483-41b2-8e49-08d9aa28e402}</UniqueIdentifier>
    </Filter>
  </ItemGroup>
  <ItemGroup>
    <ClCompile Include="tests3dIntegr.cpp">
      <Filter>Tests\src</Filter>
    </ClCompile>
    <ClCompile Include="GaussIntegr.cpp">
      <Filter>Math\GaussIntegr</Filter>
    </ClCompile>
    <ClCompile Include="tests.cpp">
      <Filter>Tests\src</Filter>
    </ClCompile>
    <ClCompile Include="main.cpp" />
    <ClCompile Include="tests2dIntegr.cpp">
      <Filter>Tests\src</Filter>
    </ClCompile>
  </ItemGroup>
  <ItemGroup>
    <ClInclude Include="tests.hpp">
      <Filter>Tests</Filter>
    </ClInclude>
    <ClInclude Include="pretty_print.hpp">
      <Filter>Header Files\Misc</Filter>
    </ClInclude>
    <ClInclude Include="test_runner.hpp">
      <Filter>Header Files\Debug Tools</Filter>
    </ClInclude>
    <ClInclude Include="profile.hpp">
      <Filter>Header Files\Debug Tools</Filter>
    </ClInclude>
    <ClInclude Include="GaussIntegr.hpp">
      <Filter>Math\GaussIntegr</Filter>
    </ClInclude>
    <ClInclude Include="point3d.hpp">
      <Filter>Math</Filter>
    </ClInclude>
    <ClInclude Include="numeric_math.hpp">
      <Filter>Math</Filter>
    </ClInclude>
    <ClInclude Include="math_constants.hpp">
      <Filter>Math</Filter>
    </ClInclude>
    <ClInclude Include="auxiliary.hpp">
      <Filter>Header Files\Misc</Filter>
    </ClInclude>
    <ClInclude Include="app_constants.hpp">
      <Filter>Header Files</Filter>
    </ClInclude>
    <ClInclude Include="stdafx.hpp">
      <Filter>Header Files</Filter>
    </ClInclude>
    <ClInclude Include="point2d.hpp">
      <Filter>Math</Filter>
    </ClInclude>
  </ItemGroup>
</Project>